PODS:
  - Nimble (5.0.0)
  - Quick (0.10.0)

DEPENDENCIES:
  - Nimble (from `https://github.com/Quick/Nimble`, tag `v5.0.0`)
  - Quick (from `https://github.com/Quick/Quick`, tag `v0.10.0`)

EXTERNAL SOURCES:
  Nimble:
    :git: https://github.com/Quick/Nimble
    :tag: v5.0.0
  Quick:
    :git: https://github.com/Quick/Quick
    :tag: v0.10.0

CHECKOUT OPTIONS:
  Nimble:
    :git: https://github.com/Quick/Nimble
    :tag: v5.0.0
  Quick:
    :git: https://github.com/Quick/Quick
    :tag: v0.10.0

SPEC CHECKSUMS:
  Nimble: 56fc9f5020effa2206de22c3dd910f4fb011b92f
  Quick: 5d290df1c69d5ee2f0729956dcf0fd9a30447eaa

PODFILE CHECKSUM: 91b5aa98827e828e9f94d74a8d8a8a222be5992e

COCOAPODS: 1.1.0.rc.2
